// !$*UTF8*$!
{
	archiveVersion = 1;
	classes = {
	};
	objectVersion = 50;
	objects = {

/* Begin PBXBuildFile section */
		D65923862121A8E3005CAD58 /* AppDelegate.m in Sources */ = {isa = PBXBuildFile; fileRef = D65923852121A8E3005CAD58 /* AppDelegate.m */; };
		D659238C2121A8E3005CAD58 /* Main.storyboard in Resources */ = {isa = PBXBuildFile; fileRef = D659238A2121A8E3005CAD58 /* Main.storyboard */; };
		D659238E2121A8E4005CAD58 /* Assets.xcassets in Resources */ = {isa = PBXBuildFile; fileRef = D659238D2121A8E4005CAD58 /* Assets.xcassets */; };
		D65923912121A8E4005CAD58 /* LaunchScreen.storyboard in Resources */ = {isa = PBXBuildFile; fileRef = D659238F2121A8E4005CAD58 /* LaunchScreen.storyboard */; };
		D65923942121A8E4005CAD58 /* main.m in Sources */ = {isa = PBXBuildFile; fileRef = D65923932121A8E4005CAD58 /* main.m */; };
		D659239C2121AF54005CAD58 /* HomepageViewController.m in Sources */ = {isa = PBXBuildFile; fileRef = D659239B2121AF54005CAD58 /* HomepageViewController.m */; };
		D65923CF2121B4EF005CAD58 /* 按钮.png in Resources */ = {isa = PBXBuildFile; fileRef = D65923AD2121B4EF005CAD58 /* 按钮.png */; };
		D681D929212519B10016A710 /* FirstTableViewCell.m in Sources */ = {isa = PBXBuildFile; fileRef = D681D926212519B00016A710 /* FirstTableViewCell.m */; };
		D681D92A212519B10016A710 /* SecondTableViewCell.m in Sources */ = {isa = PBXBuildFile; fileRef = D681D927212519B10016A710 /* SecondTableViewCell.m */; };
		D681D94F21257DA00016A710 /* 大暴雪.png in Resources */ = {isa = PBXBuildFile; fileRef = D681D93221257DA00016A710 /* 大暴雪.png */; };
		D681D95121257DA00016A710 /* 大雪.png in Resources */ = {isa = PBXBuildFile; fileRef = D681D93421257DA00016A710 /* 大雪.png */; };
		D681D95221257DA00016A710 /* 大风.png in Resources */ = {isa = PBXBuildFile; fileRef = D681D93521257DA00016A710 /* 大风.png */; };
		D681D95721257DA00016A710 /* 未知.png in Resources */ = {isa = PBXBuildFile; fileRef = D681D93A21257DA00016A710 /* 未知.png */; };
		D681D95821257DA00016A710 /* 沙尘.png in Resources */ = {isa = PBXBuildFile; fileRef = D681D93B21257DA00016A710 /* 沙尘.png */; };
		D681D95921257DA00016A710 /* 浮沉.png in Resources */ = {isa = PBXBuildFile; fileRef = D681D93C21257DA00016A710 /* 浮沉.png */; };
		D681D95E21257DA00016A710 /* 雨加冰雹.png in Resources */ = {isa = PBXBuildFile; fileRef = D681D94121257DA00016A710 /* 雨加冰雹.png */; };
		D681D96421257DA00016A710 /* 风.png in Resources */ = {isa = PBXBuildFile; fileRef = D681D94721257DA00016A710 /* 风.png */; };
		D681D96521257DA00016A710 /* 飓风.png in Resources */ = {isa = PBXBuildFile; fileRef = D681D94821257DA00016A710 /* 飓风.png */; };
		D681D96621257DA00016A710 /* 龙卷风.png in Resources */ = {isa = PBXBuildFile; fileRef = D681D94921257DA00016A710 /* 龙卷风.png */; };
		D681D9692125A9B20016A710 /* Weather.m in Sources */ = {isa = PBXBuildFile; fileRef = D681D9682125A9B20016A710 /* Weather.m */; };
		D6FDD91A212257CA0096795A /* SelectViewController.m in Sources */ = {isa = PBXBuildFile; fileRef = D6FDD919212257CA0096795A /* SelectViewController.m */; };
		D6FDD91C21225F2A0096795A /* 添加.png in Resources */ = {isa = PBXBuildFile; fileRef = D6FDD91B21225F2A0096795A /* 添加.png */; };
		D6FDD91F212261760096795A /* SelectTableViewCell.m in Sources */ = {isa = PBXBuildFile; fileRef = D6FDD91E212261760096795A /* SelectTableViewCell.m */; };
		D6FDD92521227DD70096795A /* SearchViewController.m in Sources */ = {isa = PBXBuildFile; fileRef = D6FDD92421227DD70096795A /* SearchViewController.m */; };
		D6FDD9BF2122F9B10096795A /* MainTableView.m in Sources */ = {isa = PBXBuildFile; fileRef = D6FDD9BE2122F9B10096795A /* MainTableView.m */; };
		EB43F04D24E044BD001E9160 /* 晴.png in Resources */ = {isa = PBXBuildFile; fileRef = EB43F04C24E044BD001E9160 /* 晴.png */; };
		EB43F05F24E048B9001E9160 /* back.jpg in Resources */ = {isa = PBXBuildFile; fileRef = EB43F05E24E048B9001E9160 /* back.jpg */; };
		EB43F06124E04A7B001E9160 /* 多云.png in Resources */ = {isa = PBXBuildFile; fileRef = EB43F06024E04A7B001E9160 /* 多云.png */; };
		EB43F06324E04AE6001E9160 /* 中雨.png in Resources */ = {isa = PBXBuildFile; fileRef = EB43F06224E04AE6001E9160 /* 中雨.png */; };
		EB43F06724E04B54001E9160 /* 大雨.png in Resources */ = {isa = PBXBuildFile; fileRef = EB43F06624E04B54001E9160 /* 大雨.png */; };
		EB43F06B24E04BCA001E9160 /* 雨.png in Resources */ = {isa = PBXBuildFile; fileRef = EB43F06A24E04BCA001E9160 /* 雨.png */; };
		EB43F06D24E04BE9001E9160 /* 阵雨.png in Resources */ = {isa = PBXBuildFile; fileRef = EB43F06C24E04BE8001E9160 /* 阵雨.png */; };
		EB43F07B24E04DD7001E9160 /* 阴.png in Resources */ = {isa = PBXBuildFile; fileRef = EB43F07A24E04DD7001E9160 /* 阴.png */; };
		EB43F07D24E04DF8001E9160 /* 小雨.png in Resources */ = {isa = PBXBuildFile; fileRef = EB43F07C24E04DF8001E9160 /* 小雨.png */; };
		EB43F07F24E04E06001E9160 /* 小雪.png in Resources */ = {isa = PBXBuildFile; fileRef = EB43F07E24E04E06001E9160 /* 小雪.png */; };
		EB43F08124E04E0F001E9160 /* 特大暴雨.png in Resources */ = {isa = PBXBuildFile; fileRef = EB43F08024E04E0F001E9160 /* 特大暴雨.png */; };
		EB43F08324E04E19001E9160 /* 暴雨.png in Resources */ = {isa = PBXBuildFile; fileRef = EB43F08224E04E19001E9160 /* 暴雨.png */; };
		EB43F08524E04E23001E9160 /* 雾.png in Resources */ = {isa = PBXBuildFile; fileRef = EB43F08424E04E23001E9160 /* 雾.png */; };
		EB43F08724E04E2B001E9160 /* 雷阵雨.png in Resources */ = {isa = PBXBuildFile; fileRef = EB43F08624E04E2B001E9160 /* 雷阵雨.png */; };
		EB43F08924E04E38001E9160 /* 中雪.png in Resources */ = {isa = PBXBuildFile; fileRef = EB43F08824E04E38001E9160 /* 中雪.png */; };
		EB43F08B24E04E41001E9160 /* 云.png in Resources */ = {isa = PBXBuildFile; fileRef = EB43F08A24E04E41001E9160 /* 云.png */; };
		EB43F08D24E06237001E9160 /* 冰雹.png in Resources */ = {isa = PBXBuildFile; fileRef = EB43F08C24E06237001E9160 /* 冰雹.png */; };
		EB43F08F24E06271001E9160 /* 雾霾.png in Resources */ = {isa = PBXBuildFile; fileRef = EB43F08E24E06271001E9160 /* 雾霾.png */; };
		EB43F09124E06291001E9160 /* 雪.png in Resources */ = {isa = PBXBuildFile; fileRef = EB43F09024E06291001E9160 /* 雪.png */; };
		EB43F09324E062A9001E9160 /* 雨夹雪.png in Resources */ = {isa = PBXBuildFile; fileRef = EB43F09224E062A9001E9160 /* 雨夹雪.png */; };
		EB457CE324DFF5A900513F11 /* back1.jpg in Resources */ = {isa = PBXBuildFile; fileRef = EB457CE224DFF5A900513F11 /* back1.jpg */; };
/* End PBXBuildFile section */

/* Begin PBXFileReference section */
		D65923812121A8E3005CAD58 /* 天气预报.app */ = {isa = PBXFileReference; explicitFileType = wrapper.application; includeInIndex = 0; path = "天气预报.app"; sourceTree = BUILT_PRODUCTS_DIR; };
		D65923842121A8E3005CAD58 /* AppDelegate.h */ = {isa = PBXFileReference; lastKnownFileType = sourcecode.c.h; path = AppDelegate.h; sourceTree = "<group>"; };
		D65923852121A8E3005CAD58 /* AppDelegate.m */ = {isa = PBXFileReference; lastKnownFileType = sourcecode.c.objc; path = AppDelegate.m; sourceTree = "<group>"; };
		D659238B2121A8E3005CAD58 /* Base */ = {isa = PBXFileReference; lastKnownFileType = file.storyboard; name = Base; path = Base.lproj/Main.storyboard; sourceTree = "<group>"; };
		D659238D2121A8E4005CAD58 /* Assets.xcassets */ = {isa = PBXFileReference; lastKnownFileType = folder.assetcatalog; path = Assets.xcassets; sourceTree = "<group>"; };
		D65923902121A8E4005CAD58 /* Base */ = {isa = PBXFileReference; lastKnownFileType = file.storyboard; name = Base; path = Base.lproj/LaunchScreen.storyboard; sourceTree = "<group>"; };
		D65923922121A8E4005CAD58 /* Info.plist */ = {isa = PBXFileReference; lastKnownFileType = text.plist.xml; path = Info.plist; sourceTree = "<group>"; };
		D65923932121A8E4005CAD58 /* main.m */ = {isa = PBXFileReference; lastKnownFileType = sourcecode.c.objc; path = main.m; sourceTree = "<group>"; };
		D659239A2121AF54005CAD58 /* HomepageViewController.h */ = {isa = PBXFileReference; lastKnownFileType = sourcecode.c.h; path = HomepageViewController.h; sourceTree = "<group>"; };
		D659239B2121AF54005CAD58 /* HomepageViewController.m */ = {isa = PBXFileReference; lastKnownFileType = sourcecode.c.objc; path = HomepageViewController.m; sourceTree = "<group>"; };
		D65923AD2121B4EF005CAD58 /* 按钮.png */ = {isa = PBXFileReference; lastKnownFileType = image.png; path = "按钮.png"; sourceTree = "<group>"; };
		D681D923212519B00016A710 /* FirstTableViewCell.h */ = {isa = PBXFileReference; fileEncoding = 4; lastKnownFileType = sourcecode.c.h; path = FirstTableViewCell.h; sourceTree = "<group>"; };
		D681D924212519B00016A710 /* SecondTableViewCell.h */ = {isa = PBXFileReference; fileEncoding = 4; lastKnownFileType = sourcecode.c.h; path = SecondTableViewCell.h; sourceTree = "<group>"; };
		D681D926212519B00016A710 /* FirstTableViewCell.m */ = {isa = PBXFileReference; fileEncoding = 4; lastKnownFileType = sourcecode.c.objc; path = FirstTableViewCell.m; sourceTree = "<group>"; };
		D681D927212519B10016A710 /* SecondTableViewCell.m */ = {isa = PBXFileReference; fileEncoding = 4; lastKnownFileType = sourcecode.c.objc; path = SecondTableViewCell.m; sourceTree = "<group>"; };
		D681D93221257DA00016A710 /* 大暴雪.png */ = {isa = PBXFileReference; lastKnownFileType = image.png; path = "大暴雪.png"; sourceTree = "<group>"; };
		D681D93421257DA00016A710 /* 大雪.png */ = {isa = PBXFileReference; lastKnownFileType = image.png; path = "大雪.png"; sourceTree = "<group>"; };
		D681D93521257DA00016A710 /* 大风.png */ = {isa = PBXFileReference; lastKnownFileType = image.png; path = "大风.png"; sourceTree = "<group>"; };
		D681D93A21257DA00016A710 /* 未知.png */ = {isa = PBXFileReference; lastKnownFileType = image.png; path = "未知.png"; sourceTree = "<group>"; };
		D681D93B21257DA00016A710 /* 沙尘.png */ = {isa = PBXFileReference; lastKnownFileType = image.png; path = "沙尘.png"; sourceTree = "<group>"; };
		D681D93C21257DA00016A710 /* 浮沉.png */ = {isa = PBXFileReference; lastKnownFileType = image.png; path = "浮沉.png"; sourceTree = "<group>"; };
		D681D94121257DA00016A710 /* 雨加冰雹.png */ = {isa = PBXFileReference; lastKnownFileType = image.png; path = "雨加冰雹.png"; sourceTree = "<group>"; };
		D681D94721257DA00016A710 /* 风.png */ = {isa = PBXFileReference; lastKnownFileType = image.png; path = "风.png"; sourceTree = "<group>"; };
		D681D94821257DA00016A710 /* 飓风.png */ = {isa = PBXFileReference; lastKnownFileType = image.png; path = "飓风.png"; sourceTree = "<group>"; };
		D681D94921257DA00016A710 /* 龙卷风.png */ = {isa = PBXFileReference; lastKnownFileType = image.png; path = "龙卷风.png"; sourceTree = "<group>"; };
		D681D9672125A9B20016A710 /* Weather.h */ = {isa = PBXFileReference; lastKnownFileType = sourcecode.c.h; path = Weather.h; sourceTree = "<group>"; };
		D681D9682125A9B20016A710 /* Weather.m */ = {isa = PBXFileReference; lastKnownFileType = sourcecode.c.objc; path = Weather.m; sourceTree = "<group>"; };
		D6FDD918212257CA0096795A /* SelectViewController.h */ = {isa = PBXFileReference; lastKnownFileType = sourcecode.c.h; path = SelectViewController.h; sourceTree = "<group>"; };
		D6FDD919212257CA0096795A /* SelectViewController.m */ = {isa = PBXFileReference; lastKnownFileType = sourcecode.c.objc; path = SelectViewController.m; sourceTree = "<group>"; };
		D6FDD91B21225F2A0096795A /* 添加.png */ = {isa = PBXFileReference; lastKnownFileType = image.png; path = "添加.png"; sourceTree = "<group>"; };
		D6FDD91D212261760096795A /* SelectTableViewCell.h */ = {isa = PBXFileReference; lastKnownFileType = sourcecode.c.h; path = SelectTableViewCell.h; sourceTree = "<group>"; };
		D6FDD91E212261760096795A /* SelectTableViewCell.m */ = {isa = PBXFileReference; lastKnownFileType = sourcecode.c.objc; path = SelectTableViewCell.m; sourceTree = "<group>"; };
		D6FDD92321227DD70096795A /* SearchViewController.h */ = {isa = PBXFileReference; lastKnownFileType = sourcecode.c.h; path = SearchViewController.h; sourceTree = "<group>"; };
		D6FDD92421227DD70096795A /* SearchViewController.m */ = {isa = PBXFileReference; lastKnownFileType = sourcecode.c.objc; path = SearchViewController.m; sourceTree = "<group>"; };
		D6FDD9BD2122F9B10096795A /* MainTableView.h */ = {isa = PBXFileReference; lastKnownFileType = sourcecode.c.h; path = MainTableView.h; sourceTree = "<group>"; };
		D6FDD9BE2122F9B10096795A /* MainTableView.m */ = {isa = PBXFileReference; lastKnownFileType = sourcecode.c.objc; path = MainTableView.m; sourceTree = "<group>"; };
		EB43F04C24E044BD001E9160 /* 晴.png */ = {isa = PBXFileReference; lastKnownFileType = image.png; name = "晴.png"; path = "../../../../图标库/晴.png"; sourceTree = "<group>"; };
		EB43F05E24E048B9001E9160 /* back.jpg */ = {isa = PBXFileReference; lastKnownFileType = image.jpeg; name = back.jpg; path = ../../../back.jpg; sourceTree = "<group>"; };
		EB43F06024E04A7B001E9160 /* 多云.png */ = {isa = PBXFileReference; lastKnownFileType = image.png; path = "多云.png"; sourceTree = "<group>"; };
		EB43F06224E04AE6001E9160 /* 中雨.png */ = {isa = PBXFileReference; lastKnownFileType = image.png; path = "中雨.png"; sourceTree = "<group>"; };
		EB43F06624E04B54001E9160 /* 大雨.png */ = {isa = PBXFileReference; lastKnownFileType = image.png; path = "大雨.png"; sourceTree = "<group>"; };
		EB43F06A24E04BCA001E9160 /* 雨.png */ = {isa = PBXFileReference; lastKnownFileType = image.png; path = "雨.png"; sourceTree = "<group>"; };
		EB43F06C24E04BE8001E9160 /* 阵雨.png */ = {isa = PBXFileReference; lastKnownFileType = image.png; path = "阵雨.png"; sourceTree = "<group>"; };
		EB43F07A24E04DD7001E9160 /* 阴.png */ = {isa = PBXFileReference; lastKnownFileType = image.png; name = "阴.png"; path = "../../../../阴.png"; sourceTree = "<group>"; };
		EB43F07C24E04DF8001E9160 /* 小雨.png */ = {isa = PBXFileReference; lastKnownFileType = image.png; path = "小雨.png"; sourceTree = "<group>"; };
		EB43F07E24E04E06001E9160 /* 小雪.png */ = {isa = PBXFileReference; lastKnownFileType = image.png; path = "小雪.png"; sourceTree = "<group>"; };
		EB43F08024E04E0F001E9160 /* 特大暴雨.png */ = {isa = PBXFileReference; lastKnownFileType = image.png; path = "特大暴雨.png"; sourceTree = "<group>"; };
		EB43F08224E04E19001E9160 /* 暴雨.png */ = {isa = PBXFileReference; lastKnownFileType = image.png; path = "暴雨.png"; sourceTree = "<group>"; };
		EB43F08424E04E23001E9160 /* 雾.png */ = {isa = PBXFileReference; lastKnownFileType = image.png; path = "雾.png"; sourceTree = "<group>"; };
		EB43F08624E04E2B001E9160 /* 雷阵雨.png */ = {isa = PBXFileReference; lastKnownFileType = image.png; path = "雷阵雨.png"; sourceTree = "<group>"; };
		EB43F08824E04E38001E9160 /* 中雪.png */ = {isa = PBXFileReference; lastKnownFileType = image.png; path = "中雪.png"; sourceTree = "<group>"; };
		EB43F08A24E04E41001E9160 /* 云.png */ = {isa = PBXFileReference; lastKnownFileType = image.png; path = "云.png"; sourceTree = "<group>"; };
		EB43F08C24E06237001E9160 /* 冰雹.png */ = {isa = PBXFileReference; lastKnownFileType = image.png; name = "冰雹.png"; path = "../../../../图标库/冰雹.png"; sourceTree = "<group>"; };
		EB43F08E24E06271001E9160 /* 雾霾.png */ = {isa = PBXFileReference; lastKnownFileType = image.png; name = "雾霾.png"; path = "../../../../图标库/雾霾.png"; sourceTree = "<group>"; };
		EB43F09024E06291001E9160 /* 雪.png */ = {isa = PBXFileReference; lastKnownFileType = image.png; name = "雪.png"; path = "../../../../图标库/雪.png"; sourceTree = "<group>"; };
		EB43F09224E062A9001E9160 /* 雨夹雪.png */ = {isa = PBXFileReference; lastKnownFileType = image.png; name = "雨夹雪.png"; path = "../../../../图标库/雨夹雪.png"; sourceTree = "<group>"; };
		EB457CE224DFF5A900513F11 /* back1.jpg */ = {isa = PBXFileReference; lastKnownFileType = image.jpeg; name = back1.jpg; path = ../../../back1.jpg; sourceTree = "<group>"; };
/* End PBXFileReference section */

/* Begin PBXFrameworksBuildPhase section */
		D659237E2121A8E3005CAD58 /* Frameworks */ = {
			isa = PBXFrameworksBuildPhase;
			buildActionMask = 2147483647;
			files = (
			);
			runOnlyForDeploymentPostprocessing = 0;
		};
/* End PBXFrameworksBuildPhase section */

/* Begin PBXGroup section */
		D65923782121A8E3005CAD58 = {
			isa = PBXGroup;
			children = (
				D659239D2121B4EF005CAD58 /* 天气预报素材 */,
				D65923832121A8E3005CAD58 /* 天气预报 */,
				D65923822121A8E3005CAD58 /* Products */,
			);
			sourceTree = "<group>";
		};
		D65923822121A8E3005CAD58 /* Products */ = {
			isa = PBXGroup;
			children = (
				D65923812121A8E3005CAD58 /* 天气预报.app */,
			);
			name = Products;
			sourceTree = "<group>";
		};
		D65923832121A8E3005CAD58 /* 天气预报 */ = {
			isa = PBXGroup;
			children = (
				D6FDD92021227CE80096795A /* 首页 */,
				D65923842121A8E3005CAD58 /* AppDelegate.h */,
				D65923852121A8E3005CAD58 /* AppDelegate.m */,
				D659238A2121A8E3005CAD58 /* Main.storyboard */,
				D659238D2121A8E4005CAD58 /* Assets.xcassets */,
				D659238F2121A8E4005CAD58 /* LaunchScreen.storyboard */,
				D65923922121A8E4005CAD58 /* Info.plist */,
				D65923932121A8E4005CAD58 /* main.m */,
			);
			path = "天气预报";
			sourceTree = "<group>";
		};
		D659239D2121B4EF005CAD58 /* 天气预报素材 */ = {
			isa = PBXGroup;
			children = (
				D681D92C21257DA00016A710 /* 天气预报素材 */,
				D6FDD91B21225F2A0096795A /* 添加.png */,
				EB43F05E24E048B9001E9160 /* back.jpg */,
				EB457CE224DFF5A900513F11 /* back1.jpg */,
				D65923AD2121B4EF005CAD58 /* 按钮.png */,
			);
			path = "天气预报素材";
			sourceTree = "<group>";
		};
		D681D92C21257DA00016A710 /* 天气预报素材 */ = {
			isa = PBXGroup;
			children = (
				EB43F06224E04AE6001E9160 /* 中雨.png */,
				EB43F08824E04E38001E9160 /* 中雪.png */,
				EB43F08A24E04E41001E9160 /* 云.png */,
				EB43F08C24E06237001E9160 /* 冰雹.png */,
				EB43F06024E04A7B001E9160 /* 多云.png */,
				D681D93221257DA00016A710 /* 大暴雪.png */,
				EB43F06624E04B54001E9160 /* 大雨.png */,
				D681D93421257DA00016A710 /* 大雪.png */,
				EB43F07C24E04DF8001E9160 /* 小雨.png */,
				EB43F07E24E04E06001E9160 /* 小雪.png */,
				D681D93A21257DA00016A710 /* 未知.png */,
				EB43F06A24E04BCA001E9160 /* 雨.png */,
				EB43F04C24E044BD001E9160 /* 晴.png */,
				EB43F06C24E04BE8001E9160 /* 阵雨.png */,
				EB43F08024E04E0F001E9160 /* 特大暴雨.png */,
				EB43F08224E04E19001E9160 /* 暴雨.png */,
				D681D94921257DA00016A710 /* 龙卷风.png */,
				EB43F08424E04E23001E9160 /* 雾.png */,
				EB43F07A24E04DD7001E9160 /* 阴.png */,
				D681D94821257DA00016A710 /* 飓风.png */,
				D681D94121257DA00016A710 /* 雨加冰雹.png */,
				D681D93C21257DA00016A710 /* 浮沉.png */,
				D681D93B21257DA00016A710 /* 沙尘.png */,
				D681D93521257DA00016A710 /* 大风.png */,
				EB43F09224E062A9001E9160 /* 雨夹雪.png */,
				EB43F09024E06291001E9160 /* 雪.png */,
				EB43F08624E04E2B001E9160 /* 雷阵雨.png */,
				EB43F08E24E06271001E9160 /* 雾霾.png */,
				D681D94721257DA00016A710 /* 风.png */,
			);
			path = "天气预报素材";
			sourceTree = "<group>";
		};
		D6FDD92021227CE80096795A /* 首页 */ = {
			isa = PBXGroup;
			children = (
				D681D923212519B00016A710 /* FirstTableViewCell.h */,
				D681D926212519B00016A710 /* FirstTableViewCell.m */,
				D681D924212519B00016A710 /* SecondTableViewCell.h */,
				D681D927212519B10016A710 /* SecondTableViewCell.m */,
				D6FDD92321227DD70096795A /* SearchViewController.h */,
				D6FDD92421227DD70096795A /* SearchViewController.m */,
				D6FDD918212257CA0096795A /* SelectViewController.h */,
				D6FDD919212257CA0096795A /* SelectViewController.m */,
				D659239A2121AF54005CAD58 /* HomepageViewController.h */,
				D659239B2121AF54005CAD58 /* HomepageViewController.m */,
				D6FDD9BD2122F9B10096795A /* MainTableView.h */,
				D6FDD9BE2122F9B10096795A /* MainTableView.m */,
				D6FDD91D212261760096795A /* SelectTableViewCell.h */,
				D6FDD91E212261760096795A /* SelectTableViewCell.m */,
				D681D9672125A9B20016A710 /* Weather.h */,
				D681D9682125A9B20016A710 /* Weather.m */,
			);
			path = "首页";
			sourceTree = "<group>";
		};
/* End PBXGroup section */

/* Begin PBXNativeTarget section */
		D65923802121A8E3005CAD58 /* 天气预报 */ = {
			isa = PBXNativeTarget;
			buildConfigurationList = D65923972121A8E4005CAD58 /* Build configuration list for PBXNativeTarget "天气预报" */;
			buildPhases = (
				D659237D2121A8E3005CAD58 /* Sources */,
				D659237E2121A8E3005CAD58 /* Frameworks */,
				D659237F2121A8E3005CAD58 /* Resources */,
			);
			buildRules = (
			);
			dependencies = (
			);
			name = "天气预报";
			productName = "天气预报";
			productReference = D65923812121A8E3005CAD58 /* 天气预报.app */;
			productType = "com.apple.product-type.application";
		};
/* End PBXNativeTarget section */

/* Begin PBXProject section */
		D65923792121A8E3005CAD58 /* Project object */ = {
			isa = PBXProject;
			attributes = {
				LastUpgradeCheck = 0930;
				ORGANIZATIONNAME = "小哲的DELL";
				TargetAttributes = {
					D65923802121A8E3005CAD58 = {
						CreatedOnToolsVersion = 9.3.1;
					};
				};
			};
			buildConfigurationList = D659237C2121A8E3005CAD58 /* Build configuration list for PBXProject "天气预报" */;
			compatibilityVersion = "Xcode 9.3";
			developmentRegion = en;
			hasScannedForEncodings = 0;
			knownRegions = (
				en,
				Base,
			);
			mainGroup = D65923782121A8E3005CAD58;
			productRefGroup = D65923822121A8E3005CAD58 /* Products */;
			projectDirPath = "";
			projectRoot = "";
			targets = (
				D65923802121A8E3005CAD58 /* 天气预报 */,
			);
		};
/* End PBXProject section */

/* Begin PBXResourcesBuildPhase section */
		D659237F2121A8E3005CAD58 /* Resources */ = {
			isa = PBXResourcesBuildPhase;
			buildActionMask = 2147483647;
			files = (
				EB43F08B24E04E41001E9160 /* 云.png in Resources */,
				EB43F07F24E04E06001E9160 /* 小雪.png in Resources */,
				D681D95221257DA00016A710 /* 大风.png in Resources */,
				D681D95121257DA00016A710 /* 大雪.png in Resources */,
				EB43F08124E04E0F001E9160 /* 特大暴雨.png in Resources */,
				D65923CF2121B4EF005CAD58 /* 按钮.png in Resources */,
				EB43F06124E04A7B001E9160 /* 多云.png in Resources */,
				EB43F07B24E04DD7001E9160 /* 阴.png in Resources */,
				EB43F09324E062A9001E9160 /* 雨夹雪.png in Resources */,
				EB43F08724E04E2B001E9160 /* 雷阵雨.png in Resources */,
				D681D94F21257DA00016A710 /* 大暴雪.png in Resources */,
				D681D96521257DA00016A710 /* 飓风.png in Resources */,
				D681D95721257DA00016A710 /* 未知.png in Resources */,
				EB43F09124E06291001E9160 /* 雪.png in Resources */,
				D681D95821257DA00016A710 /* 沙尘.png in Resources */,
				EB43F08524E04E23001E9160 /* 雾.png in Resources */,
				D681D95E21257DA00016A710 /* 雨加冰雹.png in Resources */,
				EB43F06324E04AE6001E9160 /* 中雨.png in Resources */,
				D65923912121A8E4005CAD58 /* LaunchScreen.storyboard in Resources */,
				EB43F08D24E06237001E9160 /* 冰雹.png in Resources */,
				EB43F08F24E06271001E9160 /* 雾霾.png in Resources */,
				D6FDD91C21225F2A0096795A /* 添加.png in Resources */,
				D659238E2121A8E4005CAD58 /* Assets.xcassets in Resources */,
				D681D95921257DA00016A710 /* 浮沉.png in Resources */,
				EB43F04D24E044BD001E9160 /* 晴.png in Resources */,
				EB43F08924E04E38001E9160 /* 中雪.png in Resources */,
				EB43F08324E04E19001E9160 /* 暴雨.png in Resources */,
				EB43F07D24E04DF8001E9160 /* 小雨.png in Resources */,
				EB43F05F24E048B9001E9160 /* back.jpg in Resources */,
				EB43F06724E04B54001E9160 /* 大雨.png in Resources */,
				EB43F06D24E04BE9001E9160 /* 阵雨.png in Resources */,
				EB457CE324DFF5A900513F11 /* back1.jpg in Resources */,
				D681D96621257DA00016A710 /* 龙卷风.png in Resources */,
				D681D96421257DA00016A710 /* 风.png in Resources */,
				D659238C2121A8E3005CAD58 /* Main.storyboard in Resources */,
				EB43F06B24E04BCA001E9160 /* 雨.png in Resources */,
			);
			runOnlyForDeploymentPostprocessing = 0;
		};
/* End PBXResourcesBuildPhase section */

/* Begin PBXSourcesBuildPhase section */
		D659237D2121A8E3005CAD58 /* Sources */ = {
			isa = PBXSourcesBuildPhase;
			buildActionMask = 2147483647;
			files = (
				D6FDD91A212257CA0096795A /* SelectViewController.m in Sources */,
				D659239C2121AF54005CAD58 /* HomepageViewController.m in Sources */,
				D681D92A212519B10016A710 /* SecondTableViewCell.m in Sources */,
				D6FDD91F212261760096795A /* SelectTableViewCell.m in Sources */,
				D681D9692125A9B20016A710 /* Weather.m in Sources */,
				D6FDD9BF2122F9B10096795A /* MainTableView.m in Sources */,
				D65923942121A8E4005CAD58 /* main.m in Sources */,
				D6FDD92521227DD70096795A /* SearchViewController.m in Sources */,
				D65923862121A8E3005CAD58 /* AppDelegate.m in Sources */,
				D681D929212519B10016A710 /* FirstTableViewCell.m in Sources */,
			);
			runOnlyForDeploymentPostprocessing = 0;
		};
/* End PBXSourcesBuildPhase section */

/* Begin PBXVariantGroup section */
		D659238A2121A8E3005CAD58 /* Main.storyboard */ = {
			isa = PBXVariantGroup;
			children = (
				D659238B2121A8E3005CAD58 /* Base */,
			);
			name = Main.storyboard;
			sourceTree = "<group>";
		};
		D659238F2121A8E4005CAD58 /* LaunchScreen.storyboard */ = {
			isa = PBXVariantGroup;
			children = (
				D65923902121A8E4005CAD58 /* Base */,
			);
			name = LaunchScreen.storyboard;
			sourceTree = "<group>";
		};
/* End PBXVariantGroup section */

/* Begin XCBuildConfiguration section */
		D65923952121A8E4005CAD58 /* Debug */ = {
			isa = XCBuildConfiguration;
			buildSettings = {
				ALWAYS_SEARCH_USER_PATHS = NO;
				CLANG_ANALYZER_NONNULL = YES;
				CLANG_ANALYZER_NUMBER_OBJECT_CONVERSION = YES_AGGRESSIVE;
				CLANG_CXX_LANGUAGE_STANDARD = "gnu++14";
				CLANG_CXX_LIBRARY = "libc++";
				CLANG_ENABLE_MODULES = YES;
				CLANG_ENABLE_OBJC_ARC = YES;
				CLANG_ENABLE_OBJC_WEAK = YES;
				CLANG_WARN_BLOCK_CAPTURE_AUTORELEASING = YES;
				CLANG_WARN_BOOL_CONVERSION = YES;
				CLANG_WARN_COMMA = YES;
				CLANG_WARN_CONSTANT_CONVERSION = YES;
				CLANG_WARN_DEPRECATED_OBJC_IMPLEMENTATIONS = YES;
				CLANG_WARN_DIRECT_OBJC_ISA_USAGE = YES_ERROR;
				CLANG_WARN_DOCUMENTATION_COMMENTS = YES;
				CLANG_WARN_EMPTY_BODY = YES;
				CLANG_WARN_ENUM_CONVERSION = YES;
				CLANG_WARN_INFINITE_RECURSION = YES;
				CLANG_WARN_INT_CONVERSION = YES;
				CLANG_WARN_NON_LITERAL_NULL_CONVERSION = YES;
				CLANG_WARN_OBJC_IMPLICIT_RETAIN_SELF = YES;
				CLANG_WARN_OBJC_LITERAL_CONVERSION = YES;
				CLANG_WARN_OBJC_ROOT_CLASS = YES_ERROR;
				CLANG_WARN_RANGE_LOOP_ANALYSIS = YES;
				CLANG_WARN_STRICT_PROTOTYPES = YES;
				CLANG_WARN_SUSPICIOUS_MOVE = YES;
				CLANG_WARN_UNGUARDED_AVAILABILITY = YES_AGGRESSIVE;
				CLANG_WARN_UNREACHABLE_CODE = YES;
				CLANG_WARN__DUPLICATE_METHOD_MATCH = YES;
				CODE_SIGN_IDENTITY = "iPhone Developer";
				COPY_PHASE_STRIP = NO;
				DEBUG_INFORMATION_FORMAT = dwarf;
				ENABLE_STRICT_OBJC_MSGSEND = YES;
				ENABLE_TESTABILITY = YES;
				GCC_C_LANGUAGE_STANDARD = gnu11;
				GCC_DYNAMIC_NO_PIC = NO;
				GCC_NO_COMMON_BLOCKS = YES;
				GCC_OPTIMIZATION_LEVEL = 0;
				GCC_PREPROCESSOR_DEFINITIONS = (
					"DEBUG=1",
					"$(inherited)",
				);
				GCC_WARN_64_TO_32_BIT_CONVERSION = YES;
				GCC_WARN_ABOUT_RETURN_TYPE = YES_ERROR;
				GCC_WARN_UNDECLARED_SELECTOR = YES;
				GCC_WARN_UNINITIALIZED_AUTOS = YES_AGGRESSIVE;
				GCC_WARN_UNUSED_FUNCTION = YES;
				GCC_WARN_UNUSED_VARIABLE = YES;
				IPHONEOS_DEPLOYMENT_TARGET = 11.3;
				MTL_ENABLE_DEBUG_INFO = YES;
				ONLY_ACTIVE_ARCH = YES;
				SDKROOT = iphoneos;
			};
			name = Debug;
		};
		D65923962121A8E4005CAD58 /* Release */ = {
			isa = XCBuildConfiguration;
			buildSettings = {
				ALWAYS_SEARCH_USER_PATHS = NO;
				CLANG_ANALYZER_NONNULL = YES;
				CLANG_ANALYZER_NUMBER_OBJECT_CONVERSION = YES_AGGRESSIVE;
				CLANG_CXX_LANGUAGE_STANDARD = "gnu++14";
				CLANG_CXX_LIBRARY = "libc++";
				CLANG_ENABLE_MODULES = YES;
				CLANG_ENABLE_OBJC_ARC = YES;
				CLANG_ENABLE_OBJC_WEAK = YES;
				CLANG_WARN_BLOCK_CAPTURE_AUTORELEASING = YES;
				CLANG_WARN_BOOL_CONVERSION = YES;
				CLANG_WARN_COMMA = YES;
				CLANG_WARN_CONSTANT_CONVERSION = YES;
				CLANG_WARN_DEPRECATED_OBJC_IMPLEMENTATIONS = YES;
				CLANG_WARN_DIRECT_OBJC_ISA_USAGE = YES_ERROR;
				CLANG_WARN_DOCUMENTATION_COMMENTS = YES;
				CLANG_WARN_EMPTY_BODY = YES;
				CLANG_WARN_ENUM_CONVERSION = YES;
				CLANG_WARN_INFINITE_RECURSION = YES;
				CLANG_WARN_INT_CONVERSION = YES;
				CLANG_WARN_NON_LITERAL_NULL_CONVERSION = YES;
				CLANG_WARN_OBJC_IMPLICIT_RETAIN_SELF = YES;
				CLANG_WARN_OBJC_LITERAL_CONVERSION = YES;
				CLANG_WARN_OBJC_ROOT_CLASS = YES_ERROR;
				CLANG_WARN_RANGE_LOOP_ANALYSIS = YES;
				CLANG_WARN_STRICT_PROTOTYPES = YES;
				CLANG_WARN_SUSPICIOUS_MOVE = YES;
				CLANG_WARN_UNGUARDED_AVAILABILITY = YES_AGGRESSIVE;
				CLANG_WARN_UNREACHABLE_CODE = YES;
				CLANG_WARN__DUPLICATE_METHOD_MATCH = YES;
				CODE_SIGN_IDENTITY = "iPhone Developer";
				COPY_PHASE_STRIP = NO;
				DEBUG_INFORMATION_FORMAT = "dwarf-with-dsym";
				ENABLE_NS_ASSERTIONS = NO;
				ENABLE_STRICT_OBJC_MSGSEND = YES;
				GCC_C_LANGUAGE_STANDARD = gnu11;
				GCC_NO_COMMON_BLOCKS = YES;
				GCC_WARN_64_TO_32_BIT_CONVERSION = YES;
				GCC_WARN_ABOUT_RETURN_TYPE = YES_ERROR;
				GCC_WARN_UNDECLARED_SELECTOR = YES;
				GCC_WARN_UNINITIALIZED_AUTOS = YES_AGGRESSIVE;
				GCC_WARN_UNUSED_FUNCTION = YES;
				GCC_WARN_UNUSED_VARIABLE = YES;
				IPHONEOS_DEPLOYMENT_TARGET = 11.3;
				MTL_ENABLE_DEBUG_INFO = NO;
				SDKROOT = iphoneos;
				VALIDATE_PRODUCT = YES;
			};
			name = Release;
		};
		D65923982121A8E4005CAD58 /* Debug */ = {
			isa = XCBuildConfiguration;
			buildSettings = {
				ASSETCATALOG_COMPILER_APPICON_NAME = AppIcon;
				CODE_SIGN_STYLE = Automatic;
				INFOPLIST_FILE = "天气预报/Info.plist";
				LD_RUNPATH_SEARCH_PATHS = (
					"$(inherited)",
					"@executable_path/Frameworks",
				);
				PRODUCT_BUNDLE_IDENTIFIER = "-.----";
				PRODUCT_NAME = "$(TARGET_NAME)";
				TARGETED_DEVICE_FAMILY = "1,2";
			};
			name = Debug;
		};
		D65923992121A8E4005CAD58 /* Release */ = {
			isa = XCBuildConfiguration;
			buildSettings = {
				ASSETCATALOG_COMPILER_APPICON_NAME = AppIcon;
				CODE_SIGN_STYLE = Automatic;
				INFOPLIST_FILE = "天气预报/Info.plist";
				LD_RUNPATH_SEARCH_PATHS = (
					"$(inherited)",
					"@executable_path/Frameworks",
				);
				PRODUCT_BUNDLE_IDENTIFIER = "-.----";
				PRODUCT_NAME = "$(TARGET_NAME)";
				TARGETED_DEVICE_FAMILY = "1,2";
			};
			name = Release;
		};
/* End XCBuildConfiguration section */

/* Begin XCConfigurationList section */
		D659237C2121A8E3005CAD58 /* Build configuration list for PBXProject "天气预报" */ = {
			isa = XCConfigurationList;
			buildConfigurations = (
				D65923952121A8E4005CAD58 /* Debug */,
				D65923962121A8E4005CAD58 /* Release */,
			);
			defaultConfigurationIsVisible = 0;
			defaultConfigurationName = Release;
		};
		D65923972121A8E4005CAD58 /* Build configuration list for PBXNativeTarget "天气预报" */ = {
			isa = XCConfigurationList;
			buildConfigurations = (
				D65923982121A8E4005CAD58 /* Debug */,
				D65923992121A8E4005CAD58 /* Release */,
			);
			defaultConfigurationIsVisible = 0;
			defaultConfigurationName = Release;
		};
/* End XCConfigurationList section */
	};
	rootObject = D65923792121A8E3005CAD58 /* Project object */;
}
